
Microsoft Visual Studio Solution File, Format Version 12.00
# Visual Studio Version 17
VisualStudioVersion = 17.13.35931.197
MinimumVisualStudioVersion = 10.0.40219.1
Project("{FAE04EC0-301F-11D3-BF4B-00C04F79EFBC}") = "EasySave", "..\EasySave\EasySave.csproj", "{719E2B60-AF10-4B5F-88E1-EF49B552FC79}"
EndProject
Project("{FAE04EC0-301F-11D3-BF4B-00C04F79EFBC}") = "EasySave1", "..\EasySave1\EasySave1.csproj", "{79F742C0-C984-4133-8D44-98BBB538AD13}"
EndProject
Global
	GlobalSection(SolutionConfigurationPlatforms) = preSolution
		Debug|Any CPU = Debug|Any CPU
		Release|Any CPU = Release|Any CPU
	EndGlobalSection
	GlobalSection(ProjectConfigurationPlatforms) = postSolution
		{719E2B60-AF10-4B5F-88E1-EF49B552FC79}.Debug|Any CPU.ActiveCfg = Debug|Any CPU
		{719E2B60-AF10-4B5F-88E1-EF49B552FC79}.Debug|Any CPU.Build.0 = Debug|Any CPU
		{719E2B60-AF10-4B5F-88E1-EF49B552FC79}.Release|Any CPU.ActiveCfg = Release|Any CPU
		{719E2B60-AF10-4B5F-88E1-EF49B552FC79}.Release|Any CPU.Build.0 = Release|Any CPU
		{79F742C0-C984-4133-8D44-98BBB538AD13}.Debug|Any CPU.ActiveCfg = Debug|Any CPU
		{79F742C0-C984-4133-8D44-98BBB538AD13}.Debug|Any CPU.Build.0 = Debug|Any CPU
		{79F742C0-C984-4133-8D44-98BBB538AD13}.Release|Any CPU.ActiveCfg = Release|Any CPU
		{79F742C0-C984-4133-8D44-98BBB538AD13}.Release|Any CPU.Build.0 = Release|Any CPU
	EndGlobalSection
	GlobalSection(SolutionProperties) = preSolution
		HideSolutionNode = FALSE
	EndGlobalSection
	GlobalSection(ExtensibilityGlobals) = postSolution
		SolutionGuid = {7FD2AFF9-2191-4A66-BFAC-BCE8E6874976}
	EndGlobalSection
EndGlobal
